
Microsoft Visual Studio Solution File, Format Version 12.00
# Visual Studio 2013
VisualStudioVersion = 12.0.30110.0
MinimumVisualStudioVersion = 10.0.40219.1
Project("{FAE04EC0-301F-11D3-BF4B-00C04F79EFBC}") = "DrugHouse.Model", "DrugHouse.Model\DrugHouse.Model.csproj", "{27966903-5E6A-4C33-AC98-7370C8760615}"
EndProject
Project("{FAE04EC0-301F-11D3-BF4B-00C04F79EFBC}") = "DrugHouse.Model.Test", "DrugHouse.Model.Test\DrugHouse.Model.Test.csproj", "{A2E1692D-51E4-477B-A7FB-7D4AD8CE1435}"
EndProject
Project("{FAE04EC0-301F-11D3-BF4B-00C04F79EFBC}") = "DrugHouse.Shared", "DrugHouse.Shared\DrugHouse.Shared.csproj", "{3E617A61-E3C2-44E7-B2D0-E20EBFDBFC89}"
EndProject
Project("{FAE04EC0-301F-11D3-BF4B-00C04F79EFBC}") = "Dexuse", "Dexuse\Dexuse.csproj", "{80B6F46A-B4C1-4C6E-82B0-AAC1D30F34D5}"
EndProject
Project("{FAE04EC0-301F-11D3-BF4B-00C04F79EFBC}") = "DrugHouse.ViewModel.Tests", "DrugHouse.ViewModel.Tests\DrugHouse.ViewModel.Tests.csproj", "{FBAB4A11-2DE6-4C5A-9794-F4EBE22DC510}"
EndProject
Project("{FAE04EC0-301F-11D3-BF4B-00C04F79EFBC}") = "DrugHouse.View", "DrugHouse.View\DrugHouse.View.csproj", "{6FEA1129-142E-4925-98C9-9A2BC2698EF5}"
EndProject
Project("{FAE04EC0-301F-11D3-BF4B-00C04F79EFBC}") = "DrugHouse.ViewModel", "DrugHouse.ViewModel\DrugHouse.ViewModel.csproj", "{EDD174B1-63F5-4310-8494-D7FAAAF63665}"
EndProject
Project("{2150E333-8FDC-42A3-9474-1A3956D46DE8}") = "db", "db", "{B7B25C62-F069-452C-8275-BCC4F50E0CE8}"
	ProjectSection(SolutionItems) = preProject
		DrugHouse_1_0_DB_creation.sql = DrugHouse_1_0_DB_creation.sql
		Table Creation.sql = Table Creation.sql
	EndProjectSection
EndProject
Project("{2150E333-8FDC-42A3-9474-1A3956D46DE8}") = ".nuget", ".nuget", "{5CA7FAC7-9DA3-42D5-A8E4-4DAC8E1F0CC2}"
	ProjectSection(SolutionItems) = preProject
		.nuget\NuGet.Config = .nuget\NuGet.Config
		.nuget\NuGet.exe = .nuget\NuGet.exe
		.nuget\NuGet.targets = .nuget\NuGet.targets
	EndProjectSection
EndProject
Global
	GlobalSection(SolutionConfigurationPlatforms) = preSolution
		Debug|Any CPU = Debug|Any CPU
		Release|Any CPU = Release|Any CPU
	EndGlobalSection
	GlobalSection(ProjectConfigurationPlatforms) = postSolution
		{27966903-5E6A-4C33-AC98-7370C8760615}.Debug|Any CPU.ActiveCfg = Debug|Any CPU
		{27966903-5E6A-4C33-AC98-7370C8760615}.Debug|Any CPU.Build.0 = Debug|Any CPU
		{27966903-5E6A-4C33-AC98-7370C8760615}.Release|Any CPU.ActiveCfg = Release|Any CPU
		{27966903-5E6A-4C33-AC98-7370C8760615}.Release|Any CPU.Build.0 = Release|Any CPU
		{A2E1692D-51E4-477B-A7FB-7D4AD8CE1435}.Debug|Any CPU.ActiveCfg = Debug|Any CPU
		{A2E1692D-51E4-477B-A7FB-7D4AD8CE1435}.Debug|Any CPU.Build.0 = Debug|Any CPU
		{A2E1692D-51E4-477B-A7FB-7D4AD8CE1435}.Release|Any CPU.ActiveCfg = Release|Any CPU
		{3E617A61-E3C2-44E7-B2D0-E20EBFDBFC89}.Debug|Any CPU.ActiveCfg = Debug|Any CPU
		{3E617A61-E3C2-44E7-B2D0-E20EBFDBFC89}.Debug|Any CPU.Build.0 = Debug|Any CPU
		{3E617A61-E3C2-44E7-B2D0-E20EBFDBFC89}.Release|Any CPU.ActiveCfg = Release|Any CPU
		{3E617A61-E3C2-44E7-B2D0-E20EBFDBFC89}.Release|Any CPU.Build.0 = Release|Any CPU
		{80B6F46A-B4C1-4C6E-82B0-AAC1D30F34D5}.Debug|Any CPU.ActiveCfg = Debug|Any CPU
		{80B6F46A-B4C1-4C6E-82B0-AAC1D30F34D5}.Release|Any CPU.ActiveCfg = Release|Any CPU
		{80B6F46A-B4C1-4C6E-82B0-AAC1D30F34D5}.Release|Any CPU.Build.0 = Release|Any CPU
		{FBAB4A11-2DE6-4C5A-9794-F4EBE22DC510}.Debug|Any CPU.ActiveCfg = Debug|Any CPU
		{FBAB4A11-2DE6-4C5A-9794-F4EBE22DC510}.Release|Any CPU.ActiveCfg = Release|Any CPU
		{6FEA1129-142E-4925-98C9-9A2BC2698EF5}.Debug|Any CPU.ActiveCfg = Debug|Any CPU
		{6FEA1129-142E-4925-98C9-9A2BC2698EF5}.Debug|Any CPU.Build.0 = Debug|Any CPU
		{6FEA1129-142E-4925-98C9-9A2BC2698EF5}.Release|Any CPU.ActiveCfg = Release|Any CPU
		{6FEA1129-142E-4925-98C9-9A2BC2698EF5}.Release|Any CPU.Build.0 = Release|Any CPU
		{EDD174B1-63F5-4310-8494-D7FAAAF63665}.Debug|Any CPU.ActiveCfg = Debug|Any CPU
		{EDD174B1-63F5-4310-8494-D7FAAAF63665}.Debug|Any CPU.Build.0 = Debug|Any CPU
		{EDD174B1-63F5-4310-8494-D7FAAAF63665}.Release|Any CPU.ActiveCfg = Release|Any CPU
		{EDD174B1-63F5-4310-8494-D7FAAAF63665}.Release|Any CPU.Build.0 = Release|Any CPU
	EndGlobalSection
	GlobalSection(SolutionProperties) = preSolution
		HideSolutionNode = FALSE
	EndGlobalSection
EndGlobal
